
Microsoft Visual Studio Solution File, Format Version 12.00
# Visual Studio Version 17
VisualStudioVersion = 17.8.34601.278
MinimumVisualStudioVersion = 10.0.40219.1
Project("{2150E333-8FDC-42A3-9474-1A3956D46DE8}") = "src", "src", "{72860434-B42B-4092-B193-D932A1AB9257}"
EndProject
Project("{9A19103F-16F7-4668-BE54-9A1E7A4F7556}") = "Domain", "src\Domain\Domain.csproj", "{69162285-EC0E-42CF-BB67-88B61BDF15B7}"
EndProject
Project("{9A19103F-16F7-4668-BE54-9A1E7A4F7556}") = "Infra.Data", "src\Infra.Data\Infra.Data.csproj", "{2511BF9E-E456-4FD7-9D8D-F0441CB5BDC5}"
EndProject
Project("{9A19103F-16F7-4668-BE54-9A1E7A4F7556}") = "Application", "src\Application\Application.csproj", "{C3A67C2D-A866-4CBE-A69A-6E136706708B}"
EndProject
Project("{9A19103F-16F7-4668-BE54-9A1E7A4F7556}") = "Api", "src\Api\Api.csproj", "{070DE435-5F43-4873-B1B8-E259AA7C0EAA}"
EndProject
Project("{E53339B2-1760-4266-BCC7-CA923CBCF16C}") = "docker-compose", "docker-compose.dcproj", "{3876DAFE-948D-4851-A552-09394733ADFD}"
EndProject
Project("{2150E333-8FDC-42A3-9474-1A3956D46DE8}") = "Core", "Core", "{A3875996-EB22-46CD-AFC1-5C47F58BF46A}"
EndProject
Project("{2150E333-8FDC-42A3-9474-1A3956D46DE8}") = "Infra", "Infra", "{9737AD27-D8E3-4E8B-8157-46369FDC9AAE}"
EndProject
Project("{2150E333-8FDC-42A3-9474-1A3956D46DE8}") = "Presentation", "Presentation", "{60E9D4FF-E349-4CBE-8559-9E812F8EDD53}"
EndProject
Project("{2150E333-8FDC-42A3-9474-1A3956D46DE8}") = "Solution Items", "Solution Items", "{0769C3CF-ADF4-4391-A198-5071B4CF9FA2}"
	ProjectSection(SolutionItems) = preProject
		.editorconfig = .editorconfig
	EndProjectSection
EndProject
Global
	GlobalSection(SolutionConfigurationPlatforms) = preSolution
		Debug|Any CPU = Debug|Any CPU
		Release|Any CPU = Release|Any CPU
	EndGlobalSection
	GlobalSection(ProjectConfigurationPlatforms) = postSolution
		{69162285-EC0E-42CF-BB67-88B61BDF15B7}.Debug|Any CPU.ActiveCfg = Debug|Any CPU
		{69162285-EC0E-42CF-BB67-88B61BDF15B7}.Debug|Any CPU.Build.0 = Debug|Any CPU
		{69162285-EC0E-42CF-BB67-88B61BDF15B7}.Release|Any CPU.ActiveCfg = Release|Any CPU
		{69162285-EC0E-42CF-BB67-88B61BDF15B7}.Release|Any CPU.Build.0 = Release|Any CPU
		{2511BF9E-E456-4FD7-9D8D-F0441CB5BDC5}.Debug|Any CPU.ActiveCfg = Debug|Any CPU
		{2511BF9E-E456-4FD7-9D8D-F0441CB5BDC5}.Debug|Any CPU.Build.0 = Debug|Any CPU
		{2511BF9E-E456-4FD7-9D8D-F0441CB5BDC5}.Release|Any CPU.ActiveCfg = Release|Any CPU
		{2511BF9E-E456-4FD7-9D8D-F0441CB5BDC5}.Release|Any CPU.Build.0 = Release|Any CPU
		{C3A67C2D-A866-4CBE-A69A-6E136706708B}.Debug|Any CPU.ActiveCfg = Debug|Any CPU
		{C3A67C2D-A866-4CBE-A69A-6E136706708B}.Debug|Any CPU.Build.0 = Debug|Any CPU
		{C3A67C2D-A866-4CBE-A69A-6E136706708B}.Release|Any CPU.ActiveCfg = Release|Any CPU
		{C3A67C2D-A866-4CBE-A69A-6E136706708B}.Release|Any CPU.Build.0 = Release|Any CPU
		{070DE435-5F43-4873-B1B8-E259AA7C0EAA}.Debug|Any CPU.ActiveCfg = Debug|Any CPU
		{070DE435-5F43-4873-B1B8-E259AA7C0EAA}.Debug|Any CPU.Build.0 = Debug|Any CPU
		{070DE435-5F43-4873-B1B8-E259AA7C0EAA}.Release|Any CPU.ActiveCfg = Release|Any CPU
		{070DE435-5F43-4873-B1B8-E259AA7C0EAA}.Release|Any CPU.Build.0 = Release|Any CPU
		{3876DAFE-948D-4851-A552-09394733ADFD}.Debug|Any CPU.ActiveCfg = Debug|Any CPU
		{3876DAFE-948D-4851-A552-09394733ADFD}.Debug|Any CPU.Build.0 = Debug|Any CPU
		{3876DAFE-948D-4851-A552-09394733ADFD}.Release|Any CPU.ActiveCfg = Release|Any CPU
		{3876DAFE-948D-4851-A552-09394733ADFD}.Release|Any CPU.Build.0 = Release|Any CPU
	EndGlobalSection
	GlobalSection(SolutionProperties) = preSolution
		HideSolutionNode = FALSE
	EndGlobalSection
	GlobalSection(NestedProjects) = preSolution
		{69162285-EC0E-42CF-BB67-88B61BDF15B7} = {A3875996-EB22-46CD-AFC1-5C47F58BF46A}
		{2511BF9E-E456-4FD7-9D8D-F0441CB5BDC5} = {9737AD27-D8E3-4E8B-8157-46369FDC9AAE}
		{C3A67C2D-A866-4CBE-A69A-6E136706708B} = {A3875996-EB22-46CD-AFC1-5C47F58BF46A}
		{070DE435-5F43-4873-B1B8-E259AA7C0EAA} = {60E9D4FF-E349-4CBE-8559-9E812F8EDD53}
		{A3875996-EB22-46CD-AFC1-5C47F58BF46A} = {72860434-B42B-4092-B193-D932A1AB9257}
		{9737AD27-D8E3-4E8B-8157-46369FDC9AAE} = {72860434-B42B-4092-B193-D932A1AB9257}
		{60E9D4FF-E349-4CBE-8559-9E812F8EDD53} = {72860434-B42B-4092-B193-D932A1AB9257}
	EndGlobalSection
	GlobalSection(ExtensibilityGlobals) = postSolution
		SolutionGuid = {0F29A37A-9571-4390-8821-655CEDDE061A}
	EndGlobalSection
EndGlobal
